
Microsoft Visual Studio Solution File, Format Version 11.00
# Visual Studio 2010
Project("{FAE04EC0-301F-11D3-BF4B-00C04F79EFBC}") = "AmsterdamQDA", "AmsterdamQDA\AmsterdamQDA.csproj", "{C529470B-2662-422D-8BDA-2B7FBE90492D}"
EndProject
Global
	GlobalSection(SolutionConfigurationPlatforms) = preSolution
		Debug|x86 = Debug|x86
		Release|x86 = Release|x86
	EndGlobalSection
	GlobalSection(ProjectConfigurationPlatforms) = postSolution
		{C529470B-2662-422D-8BDA-2B7FBE90492D}.Debug|x86.ActiveCfg = Debug|x86
		{C529470B-2662-422D-8BDA-2B7FBE90492D}.Debug|x86.Build.0 = Debug|x86
		{C529470B-2662-422D-8BDA-2B7FBE90492D}.Release|x86.ActiveCfg = Release|x86
		{C529470B-2662-422D-8BDA-2B7FBE90492D}.Release|x86.Build.0 = Release|x86
	EndGlobalSection
	GlobalSection(SolutionProperties) = preSolution
		HideSolutionNode = FALSE
	EndGlobalSection
	GlobalSection(SpecExplorer.ActivityCompletionStatus) = preSolution
		SpecExplorer.ActivityCompletionStatus = 
	EndGlobalSection
EndGlobal
