Microsoft Visual Studio Solution File, Format Version 10.00
# Visual Studio 2008
Project("{2150E333-8FDC-42A3-9474-1A3956D46DE8}") = "src", "src", "{A8E92F72-7C3E-4A10-95F7-5214E8972CFE}"
EndProject
Project("{2150E333-8FDC-42A3-9474-1A3956D46DE8}") = "ComponentModel", "src\ComponentModel", "{630B6CB5-FBA7-491A-84D7-407A064F1D98}"
EndProject
Project("{FAE04EC0-301F-11D3-BF4B-00C04F79EFBC}") = "src_ComponentModel_ComponentModel_csproj", "src\ComponentModel\ComponentModel.csproj", "{1BBA5101-D4F0-48B8-A5D6-7B23A099DCE3}"
EndProject
Project("{2150E333-8FDC-42A3-9474-1A3956D46DE8}") = "Tests", "Tests", "{479B3993-06E8-4EA2-8486-D3C9B0C2A18B}"
EndProject
Project("{2150E333-8FDC-42A3-9474-1A3956D46DE8}") = "UnitTestFramework", "Tests\UnitTestFramework", "{C8300EC8-7964-444E-8202-AD7614A6A112}"
EndProject
Project("{FAE04EC0-301F-11D3-BF4B-00C04F79EFBC}") = "Tests_UnitTestFramework_UnitTestFramework_csproj", "Tests\UnitTestFramework\UnitTestFramework.csproj", "{35FBE8A0-D87E-4991-B3FC-2A77807DEC85}"
	ProjectSection(ProjectDependencies) = postProject
		{1BBA5101-D4F0-48B8-A5D6-7B23A099DCE3} = {1BBA5101-D4F0-48B8-A5D6-7B23A099DCE3}
	EndProjectSection
EndProject
Project("{2150E333-8FDC-42A3-9474-1A3956D46DE8}") = "ComponentModelUnitTest", "Tests\ComponentModelUnitTest", "{C261E97F-015E-4463-BFC0-A088FE6BAA2C}"
EndProject
Project("{FAE04EC0-301F-11D3-BF4B-00C04F79EFBC}") = "Tests_ComponentModelUnitTest_ComponentModelUnitTest_csproj", "Tests\ComponentModelUnitTest\ComponentModelUnitTest.csproj", "{82EFB8F9-4130-4275-A26A-9F4C748C1FFB}"
	ProjectSection(ProjectDependencies) = postProject
		{35FBE8A0-D87E-4991-B3FC-2A77807DEC85} = {35FBE8A0-D87E-4991-B3FC-2A77807DEC85}
	EndProjectSection
EndProject
Project("{2150E333-8FDC-42A3-9474-1A3956D46DE8}") = "Samples", "Samples", "{71C83506-EBD7-4087-8D0C-5A454CE6AB8F}"
EndProject
Project("{2150E333-8FDC-42A3-9474-1A3956D46DE8}") = "MefShapes", "Samples\MefShapes", "{A0E5BE92-BF37-49AA-9956-A475FACA343D}"
EndProject
Project("{2150E333-8FDC-42A3-9474-1A3956D46DE8}") = "MefShapes", "Samples\MefShapes\MefShapes", "{DA936DF4-802A-4118-88CE-4EE4F61A20D3}"
EndProject
Project("{FAE04EC0-301F-11D3-BF4B-00C04F79EFBC}") = "Samples_MefShapes_MefShapes_MefShapes_csproj", "Samples\MefShapes\MefShapes\MefShapes.csproj", "{FC556AFF-9BA6-4A1A-94C9-513F168622B8}"
EndProject
Project("{2150E333-8FDC-42A3-9474-1A3956D46DE8}") = "MefShapes.Shapes", "Samples\MefShapes\MefShapes.Shapes", "{E1523241-C1A7-44EF-8052-F14A33F52419}"
EndProject
Project("{FAE04EC0-301F-11D3-BF4B-00C04F79EFBC}") = "Samples_MefShapes_MefShapes_Shapes_MefShapes_Shapes_csproj", "Samples\MefShapes\MefShapes.Shapes\MefShapes.Shapes.csproj", "{8DE4EE4D-2BF1-495B-AA35-8D393F87EBF8}"
	ProjectSection(ProjectDependencies) = postProject
		{E1523241-C1A7-44EF-8052-F14A33F52419} = {E1523241-C1A7-44EF-8052-F14A33F52419}
	EndProjectSection
EndProject
Project("{2150E333-8FDC-42A3-9474-1A3956D46DE8}") = "MefShapes.AdditionalShapes", "Samples\MefShapes\MefShapes.AdditionalShapes", "{6C949DB3-B30F-4826-82E5-483BA08FCF3A}"
EndProject
Project("{FAE04EC0-301F-11D3-BF4B-00C04F79EFBC}") = "Samples_MefShapes_MefShapes_AdditionalShapes_MefShapes_AdditionalShapes_csproj", "Samples\MefShapes\MefShapes.AdditionalShapes\MefShapes.AdditionalShapes.csproj", "{8A6BD641-A8E6-4958-A31C-8631EB208354}"
	ProjectSection(ProjectDependencies) = postProject
		{FC556AFF-9BA6-4A1A-94C9-513F168622B8} = {FC556AFF-9BA6-4A1A-94C9-513F168622B8}
	EndProjectSection
EndProject
Project("{2150E333-8FDC-42A3-9474-1A3956D46DE8}") = "MefLook", "Samples\MefLook", "{408EBD9E-DD54-405D-B5E1-F488135051E5}"
EndProject
Project("{2150E333-8FDC-42A3-9474-1A3956D46DE8}") = "EmailService", "Samples\MefLook\EmailService", "{76B73518-CE9B-41B7-857A-1E066D9917AB}"
EndProject
Project("{FAE04EC0-301F-11D3-BF4B-00C04F79EFBC}") = "Samples_MefLook_EmailService_EmailService_csproj", "Samples\MefLook\EmailService\EmailService.csproj", "{EB960ED5-8757-4968-A005-CE5555EB5C82}"
EndProject
Project("{2150E333-8FDC-42A3-9474-1A3956D46DE8}") = "Meflook", "Samples\MefLook\Meflook", "{197D5C1A-C74F-4CB7-92AC-B327CEBA232D}"
EndProject
Project("{FAE04EC0-301F-11D3-BF4B-00C04F79EFBC}") = "Samples_MefLook_Meflook_Meflook_csproj", "Samples\MefLook\Meflook\Meflook.csproj", "{773A33A1-5CDF-48E4-9D7F-0DB3DBF3DBC3}"
	ProjectSection(ProjectDependencies) = postProject
		{EB960ED5-8757-4968-A005-CE5555EB5C82} = {EB960ED5-8757-4968-A005-CE5555EB5C82}
	EndProjectSection
EndProject
Project("{2150E333-8FDC-42A3-9474-1A3956D46DE8}") = "XFileExplorer", "Samples\XFileExplorer", "{56406052-E533-46B5-B1AB-F654C53E47BF}"
EndProject
Project("{2150E333-8FDC-42A3-9474-1A3956D46DE8}") = "XFileExplorerComponents", "Samples\XFileExplorer\XFileExplorerComponents", "{128B5672-635C-428A-AE2E-DCC3590C212A}"
EndProject
Project("{FAE04EC0-301F-11D3-BF4B-00C04F79EFBC}") = "Samples_XFileExplorer_XFileExplorerComponents_XFileExplorerComponents_csproj", "Samples\XFileExplorer\XFileExplorerComponents\XFileExplorerComponents.csproj", "{FAB56861-3662-4B4E-BC35-A3E96970CC24}"
EndProject
Project("{2150E333-8FDC-42A3-9474-1A3956D46DE8}") = "XFileExplorer", "Samples\XFileExplorer\XFileExplorer", "{4B192F30-9912-4F8D-A743-7971015FA57A}"
EndProject
Project("{FAE04EC0-301F-11D3-BF4B-00C04F79EFBC}") = "Samples_XFileExplorer_XFileExplorer_XFileExplorer_csproj", "Samples\XFileExplorer\XFileExplorer\XFileExplorer.csproj", "{216C45D5-DA63-41F2-BE12-26CBD90F5635}"
	ProjectSection(ProjectDependencies) = postProject
		{4B192F30-9912-4F8D-A743-7971015FA57A} = {4B192F30-9912-4F8D-A743-7971015FA57A}
	EndProjectSection
EndProject
Project("{2150E333-8FDC-42A3-9474-1A3956D46DE8}") = "XFileExplorerFavorites", "Samples\XFileExplorer\XFileExplorerFavorites", "{CA708470-D969-4C69-BE83-247D21040567}"
EndProject
Project("{FAE04EC0-301F-11D3-BF4B-00C04F79EFBC}") = "Samples_XFileExplorer_XFileExplorerFavorites_XFileExplorerFavorites_csproj", "Samples\XFileExplorer\XFileExplorerFavorites\XFileExplorerFavorites.csproj", "{3E80684B-9F51-4C04-BBC1-1918EA811F2C}"
	ProjectSection(ProjectDependencies) = postProject
		{FAB56861-3662-4B4E-BC35-A3E96970CC24} = {FAB56861-3662-4B4E-BC35-A3E96970CC24}
	EndProjectSection
EndProject
Project("{2150E333-8FDC-42A3-9474-1A3956D46DE8}") = "MEFStudio", "Samples\MEFStudio", "{8EE9C737-1EEB-4577-A725-94EB46587596}"
EndProject
Project("{2150E333-8FDC-42A3-9474-1A3956D46DE8}") = "Contracts", "Samples\MEFStudio\Contracts", "{A2045B1F-CB18-4949-A3FF-BDE85BF0DB40}"
EndProject
Project("{FAE04EC0-301F-11D3-BF4B-00C04F79EFBC}") = "Samples_MEFStudio_Contracts_Contracts_csproj", "Samples\MEFStudio\Contracts\Contracts.csproj", "{51DD97E4-90F9-4A9F-8DB8-C8074CDCBBFF}"
EndProject
Project("{2150E333-8FDC-42A3-9474-1A3956D46DE8}") = "Designers", "Samples\MEFStudio\Designers", "{5D4BDA85-6591-4CF4-A449-AB75D46763A3}"
EndProject
Project("{FAE04EC0-301F-11D3-BF4B-00C04F79EFBC}") = "Samples_MEFStudio_Designers_Designers_csproj", "Samples\MEFStudio\Designers\Designers.csproj", "{1C4DF849-8BC3-45E8-9032-949933D91DC4}"
	ProjectSection(ProjectDependencies) = postProject
		{51DD97E4-90F9-4A9F-8DB8-C8074CDCBBFF} = {51DD97E4-90F9-4A9F-8DB8-C8074CDCBBFF}
	EndProjectSection
EndProject
Project("{2150E333-8FDC-42A3-9474-1A3956D46DE8}") = "Shell", "Samples\MEFStudio\Shell", "{68589457-C63F-4A3B-866F-BD672E0782EA}"
EndProject
Project("{FAE04EC0-301F-11D3-BF4B-00C04F79EFBC}") = "Samples_MEFStudio_Shell_Shell_csproj", "Samples\MEFStudio\Shell\Shell.csproj", "{3951FF95-830B-4846-8FD2-F164FA33693D}"
	ProjectSection(ProjectDependencies) = postProject
		{1C4DF849-8BC3-45E8-9032-949933D91DC4} = {1C4DF849-8BC3-45E8-9032-949933D91DC4}
	EndProjectSection
EndProject
Project("{2150E333-8FDC-42A3-9474-1A3956D46DE8}") = "Toolbox", "Samples\MEFStudio\Toolbox", "{5E8DA47D-117E-4E2A-9E62-EDF085B8FF49}"
EndProject
Project("{FAE04EC0-301F-11D3-BF4B-00C04F79EFBC}") = "Samples_MEFStudio_Toolbox_Toolbox_csproj", "Samples\MEFStudio\Toolbox\Toolbox.csproj", "{AB33C23B-3B11-4F63-9A4D-E6493FE591D9}"
	ProjectSection(ProjectDependencies) = postProject
		{3951FF95-830B-4846-8FD2-F164FA33693D} = {3951FF95-830B-4846-8FD2-F164FA33693D}
	EndProjectSection
EndProject
Project("{2150E333-8FDC-42A3-9474-1A3956D46DE8}") = "ToolWindows", "Samples\MEFStudio\ToolWindows", "{B97510EB-9058-496A-9BB3-074748E4AA55}"
EndProject
Project("{FAE04EC0-301F-11D3-BF4B-00C04F79EFBC}") = "Samples_MEFStudio_ToolWindows_ToolWindows_csproj", "Samples\MEFStudio\ToolWindows\ToolWindows.csproj", "{1BEE7343-5F8D-41B2-AC11-BD7DEBC4F73D}"
	ProjectSection(ProjectDependencies) = postProject
		{AB33C23B-3B11-4F63-9A4D-E6493FE591D9} = {AB33C23B-3B11-4F63-9A4D-E6493FE591D9}
	EndProjectSection
EndProject
Project("{2150E333-8FDC-42A3-9474-1A3956D46DE8}") = "Extensions", "Samples\MEFStudio\Extensions", "{5B6CA55E-10E5-454B-8444-8B4072C8F99F}"
EndProject
Project("{2150E333-8FDC-42A3-9474-1A3956D46DE8}") = "MoreCommands", "Samples\MEFStudio\Extensions\MoreCommands", "{968A984C-F1FB-4CFA-8BCE-2B9C2E8CF9F8}"
EndProject
Project("{FAE04EC0-301F-11D3-BF4B-00C04F79EFBC}") = "Samples_MEFStudio_Extensions_MoreCommands_MoreCommands_csproj", "Samples\MEFStudio\Extensions\MoreCommands\MoreCommands.csproj", "{850927D5-3249-49E5-98C7-281AFA288910}"
EndProject
Project("{2150E333-8FDC-42A3-9474-1A3956D46DE8}") = "MoreDesigners", "Samples\MEFStudio\Extensions\MoreDesigners", "{F0F9D1AF-F978-47B5-969D-E8309A41EEB3}"
EndProject
Project("{FAE04EC0-301F-11D3-BF4B-00C04F79EFBC}") = "Samples_MEFStudio_Extensions_MoreDesigners_MoreDesigners_csproj", "Samples\MEFStudio\Extensions\MoreDesigners\MoreDesigners.csproj", "{ECF69686-79D9-4324-801F-3FF109BDA3FF}"
	ProjectSection(ProjectDependencies) = postProject
		{850927D5-3249-49E5-98C7-281AFA288910} = {850927D5-3249-49E5-98C7-281AFA288910}
	EndProjectSection
EndProject
Project("{2150E333-8FDC-42A3-9474-1A3956D46DE8}") = "ToolboxControls", "Samples\MEFStudio\Extensions\ToolboxControls", "{569F86C3-25E2-4A92-8CD7-B990AA983185}"
EndProject
Project("{FAE04EC0-301F-11D3-BF4B-00C04F79EFBC}") = "Samples_MEFStudio_Extensions_ToolboxControls_MoreToolboxControls_csproj", "Samples\MEFStudio\Extensions\ToolboxControls\MoreToolboxControls.csproj", "{60397628-D7F2-4E8F-B823-CA147238EFBD}"
	ProjectSection(ProjectDependencies) = postProject
		{ECF69686-79D9-4324-801F-3FF109BDA3FF} = {ECF69686-79D9-4324-801F-3FF109BDA3FF}
	EndProjectSection
EndProject
Global
	GlobalSection(SolutionConfigurationPlatforms) = preSolution
		VSMSBuild|Any CPU = VSMSBuild|Any CPU
	EndGlobalSection
	GlobalSection(ProjectConfigurationPlatforms) = postSolution
		{1BBA5101-D4F0-48B8-A5D6-7B23A099DCE3}.VSMSBuild|Any CPU.ActiveCfg = Debug|Any CPU
		{1BBA5101-D4F0-48B8-A5D6-7B23A099DCE3}.VSMSBuild|Any CPU.Build.0 = Debug|Any CPU
		{35FBE8A0-D87E-4991-B3FC-2A77807DEC85}.VSMSBuild|Any CPU.ActiveCfg = Debug|Any CPU
		{35FBE8A0-D87E-4991-B3FC-2A77807DEC85}.VSMSBuild|Any CPU.Build.0 = Debug|Any CPU
		{82EFB8F9-4130-4275-A26A-9F4C748C1FFB}.VSMSBuild|Any CPU.ActiveCfg = Debug|Any CPU
		{82EFB8F9-4130-4275-A26A-9F4C748C1FFB}.VSMSBuild|Any CPU.Build.0 = Debug|Any CPU
		{F597E58A-A622-4DF3-9879-227296863195}.VSMSBuild|Any CPU.ActiveCfg = Debug|Any CPU
		{F597E58A-A622-4DF3-9879-227296863195}.VSMSBuild|Any CPU.Build.0 = Debug|Any CPU
		{FC556AFF-9BA6-4A1A-94C9-513F168622B8}.VSMSBuild|Any CPU.ActiveCfg = Debug|Any CPU
		{FC556AFF-9BA6-4A1A-94C9-513F168622B8}.VSMSBuild|Any CPU.Build.0 = Debug|Any CPU
		{8DE4EE4D-2BF1-495B-AA35-8D393F87EBF8}.VSMSBuild|Any CPU.ActiveCfg = Debug|Any CPU
		{8DE4EE4D-2BF1-495B-AA35-8D393F87EBF8}.VSMSBuild|Any CPU.Build.0 = Debug|Any CPU
		{8A6BD641-A8E6-4958-A31C-8631EB208354}.VSMSBuild|Any CPU.ActiveCfg = Debug|Any CPU
		{8A6BD641-A8E6-4958-A31C-8631EB208354}.VSMSBuild|Any CPU.Build.0 = Debug|Any CPU
		{C9ABE036-FC69-4A99-AAA1-81FB0EF68FB6}.VSMSBuild|Any CPU.ActiveCfg = Debug|Any CPU
		{C9ABE036-FC69-4A99-AAA1-81FB0EF68FB6}.VSMSBuild|Any CPU.Build.0 = Debug|Any CPU
		{EB960ED5-8757-4968-A005-CE5555EB5C82}.VSMSBuild|Any CPU.ActiveCfg = Debug|Any CPU
		{EB960ED5-8757-4968-A005-CE5555EB5C82}.VSMSBuild|Any CPU.Build.0 = Debug|Any CPU
		{773A33A1-5CDF-48E4-9D7F-0DB3DBF3DBC3}.VSMSBuild|Any CPU.ActiveCfg = Debug|Any CPU
		{773A33A1-5CDF-48E4-9D7F-0DB3DBF3DBC3}.VSMSBuild|Any CPU.Build.0 = Debug|Any CPU
		{8A726C68-1FEA-4D39-B104-9EC8E3F7B75F}.VSMSBuild|Any CPU.ActiveCfg = Debug|Any CPU
		{8A726C68-1FEA-4D39-B104-9EC8E3F7B75F}.VSMSBuild|Any CPU.Build.0 = Debug|Any CPU
		{FAB56861-3662-4B4E-BC35-A3E96970CC24}.VSMSBuild|Any CPU.ActiveCfg = Debug|Any CPU
		{FAB56861-3662-4B4E-BC35-A3E96970CC24}.VSMSBuild|Any CPU.Build.0 = Debug|Any CPU
		{216C45D5-DA63-41F2-BE12-26CBD90F5635}.VSMSBuild|Any CPU.ActiveCfg = Debug|Any CPU
		{216C45D5-DA63-41F2-BE12-26CBD90F5635}.VSMSBuild|Any CPU.Build.0 = Debug|Any CPU
		{3E80684B-9F51-4C04-BBC1-1918EA811F2C}.VSMSBuild|Any CPU.ActiveCfg = Debug|Any CPU
		{3E80684B-9F51-4C04-BBC1-1918EA811F2C}.VSMSBuild|Any CPU.Build.0 = Debug|Any CPU
		{05B5A54C-5559-45D4-985C-FAC99698CCA3}.VSMSBuild|Any CPU.ActiveCfg = Debug|Any CPU
		{05B5A54C-5559-45D4-985C-FAC99698CCA3}.VSMSBuild|Any CPU.Build.0 = Debug|Any CPU
		{51DD97E4-90F9-4A9F-8DB8-C8074CDCBBFF}.VSMSBuild|Any CPU.ActiveCfg = Debug|Any CPU
		{51DD97E4-90F9-4A9F-8DB8-C8074CDCBBFF}.VSMSBuild|Any CPU.Build.0 = Debug|Any CPU
		{1C4DF849-8BC3-45E8-9032-949933D91DC4}.VSMSBuild|Any CPU.ActiveCfg = Debug|Any CPU
		{1C4DF849-8BC3-45E8-9032-949933D91DC4}.VSMSBuild|Any CPU.Build.0 = Debug|Any CPU
		{3951FF95-830B-4846-8FD2-F164FA33693D}.VSMSBuild|Any CPU.ActiveCfg = Debug|Any CPU
		{3951FF95-830B-4846-8FD2-F164FA33693D}.VSMSBuild|Any CPU.Build.0 = Debug|Any CPU
		{AB33C23B-3B11-4F63-9A4D-E6493FE591D9}.VSMSBuild|Any CPU.ActiveCfg = Debug|Any CPU
		{AB33C23B-3B11-4F63-9A4D-E6493FE591D9}.VSMSBuild|Any CPU.Build.0 = Debug|Any CPU
		{1BEE7343-5F8D-41B2-AC11-BD7DEBC4F73D}.VSMSBuild|Any CPU.ActiveCfg = Debug|Any CPU
		{1BEE7343-5F8D-41B2-AC11-BD7DEBC4F73D}.VSMSBuild|Any CPU.Build.0 = Debug|Any CPU
		{9D89B470-D828-45B6-B814-B71712B43779}.VSMSBuild|Any CPU.ActiveCfg = Debug|Any CPU
		{9D89B470-D828-45B6-B814-B71712B43779}.VSMSBuild|Any CPU.Build.0 = Debug|Any CPU
		{850927D5-3249-49E5-98C7-281AFA288910}.VSMSBuild|Any CPU.ActiveCfg = Debug|Any CPU
		{850927D5-3249-49E5-98C7-281AFA288910}.VSMSBuild|Any CPU.Build.0 = Debug|Any CPU
		{ECF69686-79D9-4324-801F-3FF109BDA3FF}.VSMSBuild|Any CPU.ActiveCfg = Debug|Any CPU
		{ECF69686-79D9-4324-801F-3FF109BDA3FF}.VSMSBuild|Any CPU.Build.0 = Debug|Any CPU
		{60397628-D7F2-4E8F-B823-CA147238EFBD}.VSMSBuild|Any CPU.ActiveCfg = Debug|Any CPU
		{60397628-D7F2-4E8F-B823-CA147238EFBD}.VSMSBuild|Any CPU.Build.0 = Debug|Any CPU
	EndGlobalSection
	GlobalSection(NestedProjects) = preSolution
		{630B6CB5-FBA7-491A-84D7-407A064F1D98} = {A8E92F72-7C3E-4A10-95F7-5214E8972CFE}
		{1BBA5101-D4F0-48B8-A5D6-7B23A099DCE3} = {630B6CB5-FBA7-491A-84D7-407A064F1D98}
		{C8300EC8-7964-444E-8202-AD7614A6A112} = {479B3993-06E8-4EA2-8486-D3C9B0C2A18B}
		{35FBE8A0-D87E-4991-B3FC-2A77807DEC85} = {C8300EC8-7964-444E-8202-AD7614A6A112}
		{C261E97F-015E-4463-BFC0-A088FE6BAA2C} = {479B3993-06E8-4EA2-8486-D3C9B0C2A18B}
		{82EFB8F9-4130-4275-A26A-9F4C748C1FFB} = {C261E97F-015E-4463-BFC0-A088FE6BAA2C}
		{A0E5BE92-BF37-49AA-9956-A475FACA343D} = {71C83506-EBD7-4087-8D0C-5A454CE6AB8F}
		{F597E58A-A622-4DF3-9879-227296863195} = {A0E5BE92-BF37-49AA-9956-A475FACA343D}
		{DA936DF4-802A-4118-88CE-4EE4F61A20D3} = {A0E5BE92-BF37-49AA-9956-A475FACA343D}
		{FC556AFF-9BA6-4A1A-94C9-513F168622B8} = {DA936DF4-802A-4118-88CE-4EE4F61A20D3}
		{E1523241-C1A7-44EF-8052-F14A33F52419} = {A0E5BE92-BF37-49AA-9956-A475FACA343D}
		{8DE4EE4D-2BF1-495B-AA35-8D393F87EBF8} = {E1523241-C1A7-44EF-8052-F14A33F52419}
		{6C949DB3-B30F-4826-82E5-483BA08FCF3A} = {A0E5BE92-BF37-49AA-9956-A475FACA343D}
		{8A6BD641-A8E6-4958-A31C-8631EB208354} = {6C949DB3-B30F-4826-82E5-483BA08FCF3A}
		{408EBD9E-DD54-405D-B5E1-F488135051E5} = {71C83506-EBD7-4087-8D0C-5A454CE6AB8F}
		{C9ABE036-FC69-4A99-AAA1-81FB0EF68FB6} = {408EBD9E-DD54-405D-B5E1-F488135051E5}
		{76B73518-CE9B-41B7-857A-1E066D9917AB} = {408EBD9E-DD54-405D-B5E1-F488135051E5}
		{EB960ED5-8757-4968-A005-CE5555EB5C82} = {76B73518-CE9B-41B7-857A-1E066D9917AB}
		{197D5C1A-C74F-4CB7-92AC-B327CEBA232D} = {408EBD9E-DD54-405D-B5E1-F488135051E5}
		{773A33A1-5CDF-48E4-9D7F-0DB3DBF3DBC3} = {197D5C1A-C74F-4CB7-92AC-B327CEBA232D}
		{56406052-E533-46B5-B1AB-F654C53E47BF} = {71C83506-EBD7-4087-8D0C-5A454CE6AB8F}
		{8A726C68-1FEA-4D39-B104-9EC8E3F7B75F} = {56406052-E533-46B5-B1AB-F654C53E47BF}
		{128B5672-635C-428A-AE2E-DCC3590C212A} = {56406052-E533-46B5-B1AB-F654C53E47BF}
		{FAB56861-3662-4B4E-BC35-A3E96970CC24} = {128B5672-635C-428A-AE2E-DCC3590C212A}
		{4B192F30-9912-4F8D-A743-7971015FA57A} = {56406052-E533-46B5-B1AB-F654C53E47BF}
		{216C45D5-DA63-41F2-BE12-26CBD90F5635} = {4B192F30-9912-4F8D-A743-7971015FA57A}
		{CA708470-D969-4C69-BE83-247D21040567} = {56406052-E533-46B5-B1AB-F654C53E47BF}
		{3E80684B-9F51-4C04-BBC1-1918EA811F2C} = {CA708470-D969-4C69-BE83-247D21040567}
		{8EE9C737-1EEB-4577-A725-94EB46587596} = {71C83506-EBD7-4087-8D0C-5A454CE6AB8F}
		{05B5A54C-5559-45D4-985C-FAC99698CCA3} = {8EE9C737-1EEB-4577-A725-94EB46587596}
		{A2045B1F-CB18-4949-A3FF-BDE85BF0DB40} = {8EE9C737-1EEB-4577-A725-94EB46587596}
		{51DD97E4-90F9-4A9F-8DB8-C8074CDCBBFF} = {A2045B1F-CB18-4949-A3FF-BDE85BF0DB40}
		{5D4BDA85-6591-4CF4-A449-AB75D46763A3} = {8EE9C737-1EEB-4577-A725-94EB46587596}
		{1C4DF849-8BC3-45E8-9032-949933D91DC4} = {5D4BDA85-6591-4CF4-A449-AB75D46763A3}
		{68589457-C63F-4A3B-866F-BD672E0782EA} = {8EE9C737-1EEB-4577-A725-94EB46587596}
		{3951FF95-830B-4846-8FD2-F164FA33693D} = {68589457-C63F-4A3B-866F-BD672E0782EA}
		{5E8DA47D-117E-4E2A-9E62-EDF085B8FF49} = {8EE9C737-1EEB-4577-A725-94EB46587596}
		{AB33C23B-3B11-4F63-9A4D-E6493FE591D9} = {5E8DA47D-117E-4E2A-9E62-EDF085B8FF49}
		{B97510EB-9058-496A-9BB3-074748E4AA55} = {8EE9C737-1EEB-4577-A725-94EB46587596}
		{1BEE7343-5F8D-41B2-AC11-BD7DEBC4F73D} = {B97510EB-9058-496A-9BB3-074748E4AA55}
		{5B6CA55E-10E5-454B-8444-8B4072C8F99F} = {8EE9C737-1EEB-4577-A725-94EB46587596}
		{9D89B470-D828-45B6-B814-B71712B43779} = {5B6CA55E-10E5-454B-8444-8B4072C8F99F}
		{968A984C-F1FB-4CFA-8BCE-2B9C2E8CF9F8} = {5B6CA55E-10E5-454B-8444-8B4072C8F99F}
		{850927D5-3249-49E5-98C7-281AFA288910} = {968A984C-F1FB-4CFA-8BCE-2B9C2E8CF9F8}
		{F0F9D1AF-F978-47B5-969D-E8309A41EEB3} = {5B6CA55E-10E5-454B-8444-8B4072C8F99F}
		{ECF69686-79D9-4324-801F-3FF109BDA3FF} = {F0F9D1AF-F978-47B5-969D-E8309A41EEB3}
		{569F86C3-25E2-4A92-8CD7-B990AA983185} = {5B6CA55E-10E5-454B-8444-8B4072C8F99F}
		{60397628-D7F2-4E8F-B823-CA147238EFBD} = {569F86C3-25E2-4A92-8CD7-B990AA983185}
	EndGlobalSection
EndGlobal
