
Microsoft Visual Studio Solution File, Format Version 10.00
# Visual C# Express 2008
Project("{FAE04EC0-301F-11D3-BF4B-00C04F79EFBC}") = "MathLib", "MathLib\MathLib.csproj", "{B014F628-B268-4A34-BBF6-3FABC0AC2836}"
EndProject
Project("{94D665CA-D915-4DE1-AA53-913450A1AE2D}") = "TestF", "TestF\TestF.fsharpp", "{D9A28632-718D-45E7-8777-0E67D772A1E1}"
EndProject
Project("{FAE04EC0-301F-11D3-BF4B-00C04F79EFBC}") = "ProtoType", "ProtoType\ProtoType.csproj", "{6441EF65-571C-4B9A-A4D8-F6F14E136699}"
EndProject
Project("{FAE04EC0-301F-11D3-BF4B-00C04F79EFBC}") = "WpfShell", "WpfShell\WpfShell.csproj", "{096DD79C-243B-4C1F-AB46-7E2F8017D56A}"
EndProject
Global
	GlobalSection(SolutionConfigurationPlatforms) = preSolution
		Debug|Any CPU = Debug|Any CPU
		Debug|Mixed Platforms = Debug|Mixed Platforms
		Debug|Win32 = Debug|Win32
		Release|Any CPU = Release|Any CPU
		Release|Mixed Platforms = Release|Mixed Platforms
		Release|Win32 = Release|Win32
	EndGlobalSection
	GlobalSection(ProjectConfigurationPlatforms) = postSolution
		{B014F628-B268-4A34-BBF6-3FABC0AC2836}.Debug|Any CPU.ActiveCfg = Debug|Any CPU
		{B014F628-B268-4A34-BBF6-3FABC0AC2836}.Debug|Any CPU.Build.0 = Debug|Any CPU
		{B014F628-B268-4A34-BBF6-3FABC0AC2836}.Debug|Mixed Platforms.ActiveCfg = Debug|Any CPU
		{B014F628-B268-4A34-BBF6-3FABC0AC2836}.Debug|Mixed Platforms.Build.0 = Debug|Any CPU
		{B014F628-B268-4A34-BBF6-3FABC0AC2836}.Debug|Win32.ActiveCfg = Debug|Any CPU
		{B014F628-B268-4A34-BBF6-3FABC0AC2836}.Release|Any CPU.ActiveCfg = Release|Any CPU
		{B014F628-B268-4A34-BBF6-3FABC0AC2836}.Release|Any CPU.Build.0 = Release|Any CPU
		{B014F628-B268-4A34-BBF6-3FABC0AC2836}.Release|Mixed Platforms.ActiveCfg = Release|Any CPU
		{B014F628-B268-4A34-BBF6-3FABC0AC2836}.Release|Mixed Platforms.Build.0 = Release|Any CPU
		{B014F628-B268-4A34-BBF6-3FABC0AC2836}.Release|Win32.ActiveCfg = Release|Any CPU
		{D9A28632-718D-45E7-8777-0E67D772A1E1}.Debug|Any CPU.ActiveCfg = Debug|Win32
		{D9A28632-718D-45E7-8777-0E67D772A1E1}.Debug|Mixed Platforms.ActiveCfg = Debug|Win32
		{D9A28632-718D-45E7-8777-0E67D772A1E1}.Debug|Mixed Platforms.Build.0 = Debug|Win32
		{D9A28632-718D-45E7-8777-0E67D772A1E1}.Debug|Win32.ActiveCfg = Debug|Win32
		{D9A28632-718D-45E7-8777-0E67D772A1E1}.Debug|Win32.Build.0 = Debug|Win32
		{D9A28632-718D-45E7-8777-0E67D772A1E1}.Release|Any CPU.ActiveCfg = Release|Win32
		{D9A28632-718D-45E7-8777-0E67D772A1E1}.Release|Mixed Platforms.ActiveCfg = Release|Win32
		{D9A28632-718D-45E7-8777-0E67D772A1E1}.Release|Mixed Platforms.Build.0 = Release|Win32
		{D9A28632-718D-45E7-8777-0E67D772A1E1}.Release|Win32.ActiveCfg = Release|Win32
		{D9A28632-718D-45E7-8777-0E67D772A1E1}.Release|Win32.Build.0 = Release|Win32
		{6441EF65-571C-4B9A-A4D8-F6F14E136699}.Debug|Any CPU.ActiveCfg = Debug|Any CPU
		{6441EF65-571C-4B9A-A4D8-F6F14E136699}.Debug|Any CPU.Build.0 = Debug|Any CPU
		{6441EF65-571C-4B9A-A4D8-F6F14E136699}.Debug|Mixed Platforms.ActiveCfg = Debug|Any CPU
		{6441EF65-571C-4B9A-A4D8-F6F14E136699}.Debug|Mixed Platforms.Build.0 = Debug|Any CPU
		{6441EF65-571C-4B9A-A4D8-F6F14E136699}.Debug|Win32.ActiveCfg = Debug|Any CPU
		{6441EF65-571C-4B9A-A4D8-F6F14E136699}.Release|Any CPU.ActiveCfg = Release|Any CPU
		{6441EF65-571C-4B9A-A4D8-F6F14E136699}.Release|Any CPU.Build.0 = Release|Any CPU
		{6441EF65-571C-4B9A-A4D8-F6F14E136699}.Release|Mixed Platforms.ActiveCfg = Release|Any CPU
		{6441EF65-571C-4B9A-A4D8-F6F14E136699}.Release|Mixed Platforms.Build.0 = Release|Any CPU
		{6441EF65-571C-4B9A-A4D8-F6F14E136699}.Release|Win32.ActiveCfg = Release|Any CPU
		{096DD79C-243B-4C1F-AB46-7E2F8017D56A}.Debug|Any CPU.ActiveCfg = Debug|Any CPU
		{096DD79C-243B-4C1F-AB46-7E2F8017D56A}.Debug|Any CPU.Build.0 = Debug|Any CPU
		{096DD79C-243B-4C1F-AB46-7E2F8017D56A}.Debug|Mixed Platforms.ActiveCfg = Debug|Any CPU
		{096DD79C-243B-4C1F-AB46-7E2F8017D56A}.Debug|Mixed Platforms.Build.0 = Debug|Any CPU
		{096DD79C-243B-4C1F-AB46-7E2F8017D56A}.Debug|Win32.ActiveCfg = Debug|Any CPU
		{096DD79C-243B-4C1F-AB46-7E2F8017D56A}.Release|Any CPU.ActiveCfg = Release|Any CPU
		{096DD79C-243B-4C1F-AB46-7E2F8017D56A}.Release|Any CPU.Build.0 = Release|Any CPU
		{096DD79C-243B-4C1F-AB46-7E2F8017D56A}.Release|Mixed Platforms.ActiveCfg = Release|Any CPU
		{096DD79C-243B-4C1F-AB46-7E2F8017D56A}.Release|Mixed Platforms.Build.0 = Release|Any CPU
		{096DD79C-243B-4C1F-AB46-7E2F8017D56A}.Release|Win32.ActiveCfg = Release|Any CPU
	EndGlobalSection
	GlobalSection(SolutionProperties) = preSolution
		HideSolutionNode = FALSE
	EndGlobalSection
EndGlobal
